
Microsoft Visual Studio Solution File, Format Version 12.00
# Visual Studio Version 16
VisualStudioVersion = 16.0.30128.74
MinimumVisualStudioVersion = 10.0.40219.1
Project("{FAE04EC0-301F-11D3-BF4B-00C04F79EFBC}") = "Gallery1", "Gallery1.csproj", "{CC8AB7E0-7435-4853-BECA-6CD437C18A89}"
EndProject
Global
	GlobalSection(SolutionConfigurationPlatforms) = preSolution
		Debug|Any CPU = Debug|Any CPU
		Release|Any CPU = Release|Any CPU
	EndGlobalSection
	GlobalSection(ProjectConfigurationPlatforms) = postSolution
		{CC8AB7E0-7435-4853-BECA-6CD437C18A89}.Debug|Any CPU.ActiveCfg = Debug|Any CPU
		{CC8AB7E0-7435-4853-BECA-6CD437C18A89}.Debug|Any CPU.Build.0 = Debug|Any CPU
		{CC8AB7E0-7435-4853-BECA-6CD437C18A89}.Release|Any CPU.ActiveCfg = Release|Any CPU
		{CC8AB7E0-7435-4853-BECA-6CD437C18A89}.Release|Any CPU.Build.0 = Release|Any CPU
	EndGlobalSection
	GlobalSection(SolutionProperties) = preSolution
		HideSolutionNode = FALSE
	EndGlobalSection
	GlobalSection(ExtensibilityGlobals) = postSolution
		SolutionGuid = {DD383225-0B54-462B-BA9D-1215B6DBE3DA}
	EndGlobalSection
EndGlobal
